
Microsoft Visual Studio Solution File, Format Version 12.00
# Visual Studio 15
VisualStudioVersion = 15.0.27428.2043
MinimumVisualStudioVersion = 10.0.40219.1
Project("{FAE04EC0-301F-11D3-BF4B-00C04F79EFBC}") = "BeepPool-Windows-Miner", "BeepPool-Windows-Miner\BeepPool-Windows-Miner.csproj", "{B83520C7-6F02-4241-867B-3861892AEEFA}"
EndProject
Global
	GlobalSection(SolutionConfigurationPlatforms) = preSolution
		Debug|Any CPU = Debug|Any CPU
		Release|Any CPU = Release|Any CPU
	EndGlobalSection
	GlobalSection(ProjectConfigurationPlatforms) = postSolution
		{B83520C7-6F02-4241-867B-3861892AEEFA}.Debug|Any CPU.ActiveCfg = Debug|Any CPU
		{B83520C7-6F02-4241-867B-3861892AEEFA}.Debug|Any CPU.Build.0 = Debug|Any CPU
		{B83520C7-6F02-4241-867B-3861892AEEFA}.Release|Any CPU.ActiveCfg = Release|Any CPU
		{B83520C7-6F02-4241-867B-3861892AEEFA}.Release|Any CPU.Build.0 = Release|Any CPU
	EndGlobalSection
	GlobalSection(SolutionProperties) = preSolution
		HideSolutionNode = FALSE
	EndGlobalSection
	GlobalSection(ExtensibilityGlobals) = postSolution
		SolutionGuid = {DD169C1D-988B-49EE-96D9-D55D69F6CA66}
	EndGlobalSection
EndGlobal
